NeoBundleLock Align 787662fe90cd057942bc5b682fd70c87e1a9dd77
NeoBundleLock clever-f.vim 1f22df33307c1f3ef074c80fd8ef1078b78f79ba
NeoBundleLock deoplete.nvim 2eca771c45a3bd8a5a87ef726351f8eba5273d10
NeoBundleLock ghcmod-vim 3e012a5b0b904c5c32eeea39071534d492a64a0f
NeoBundleLock jellybeans.vim f931895c20681684278aef2ffd810730b9c36ec3
NeoBundleLock memolist.vim fe87b0f1d3c3f642d02923311e380ea3de11fdc1
NeoBundleLock mirodark ed2a3c2b07e10c208033feaa3e7956995d2923aa
NeoBundleLock neco-ghc 53a3d63bc4ecc10d8506a40a0472987f262050da
NeoBundleLock neobundle.vim f95ac5dc44b4022486fb234dd005891448a347b8
NeoBundleLock neomake c1de90f063957be873faa1c296132688c14f67ec
NeoBundleLock neomru.vim bab3124e3ff52dc70d30fd741ba0b8d718cae4d9
NeoBundleLock neosnippet 02176938f751e20a3a794e836aaba14e11eba34e
NeoBundleLock neosnippet-snippets 0dd4b86088c9162492411d4ec40a64fe369c4396
NeoBundleLock nerdtree dd754c7bc64f8802ab6ff660776e1dee0e0e2761
NeoBundleLock open-browser.vim e17535850b8096b79907df9059fb43c51448f038
NeoBundleLock previm a6c9a89ecc5d2b46b16097a2491885b14387e126
NeoBundleLock ref-hoogle a348a38e17fd8fc3af650a10cc22899e6b7212b0
NeoBundleLock shabadou.vim c5af30bb0c028d53cfd89e00cab636c844034a9a
NeoBundleLock tagbar 7b36c46d17d57db34fdb0adac9ba6382d0bb5e66
NeoBundleLock unite-haddock a2ed7259c83b405b275148f1d24d34d5a30e7ab0
NeoBundleLock unite-outline 766d921e859eb54a7ac7c45c4052df7121ea6347
NeoBundleLock unite.vim 4f6b11bbdf366658a41362d373527f3db0ec6dd6
NeoBundleLock vim-easymotion a21d4474f0e9df7a721246e0a3b386068901965f
NeoBundleLock vim-gdev 3e685265d8425001cebd92b49dfb3b1db77992e2
NeoBundleLock vim-hybrid 37a2d17c8d7b6cfe5288ef01b9b574828420de62
NeoBundleLock vim-json f5e3181d0b33a9c51377bb7ea8492feddca8b503
NeoBundleLock vim-markdown 8500fc971dde165e69b7d960794e8563ce8f6656
NeoBundleLock vim-maui 8c30466aa649820801f74b444f33fe3f8106fff3
NeoBundleLock vim-niji 444123706d89685fe8a2fd2a7d21e0dd69500684
NeoBundleLock vim-quickrun 5bcb966b80d9d9e4051d9882a07fd61a2ea39d23
NeoBundleLock vim-ref 007b0ac409100cf2b83eb7dace5c8235e3737fef
NeoBundleLock vim-smartinput 78ab4b3df24fa2753d3dfc1be75ed5a3df1565b8
NeoBundleLock vim-submode d44a302b3ca97c8014c35c93893ca8fec0b95e4e
NeoBundleLock vim-textobj-multiblock 670a5ba57d73fcd793f480e262617c6eb0103355
NeoBundleLock vim-textobj-user a3054162c09bcf732624f43ddacbd85dad09713b
NeoBundleLock vim-watchdogs e1fce3b4bbe07d55bd7340d25ca0dc900747ad6f
NeoBundleLock vim2hs f2afd55704bfe0a2d66e6b270d247e9b8a7b1664
NeoBundleLock vim_goshrepl db5e2ad7d0ff51d0b4d8e4a8ac4943dcacd4230f
NeoBundleLock vimfiler f43f7364dfdd493ccba7aa63d6b9e1713088ee4f
NeoBundleLock vimproc c809cb15f04f2ae62cb345365d2e76665294623b
NeoBundleLock vimshell 7931e3bf9fbba738b26bb76143dfc1df17f7a99b
NeoBundleLock vimtex 4a746323a042de8829d913c599936d50f11d91b0
NeoBundleLock zoom.vim 8d91ea755719a764bad129b915e048d4e847e7a3
