NeoBundleLock Align 787662fe90cd057942bc5b682fd70c87e1a9dd77
NeoBundleLock clever-f.vim b54208462b50484e25878e989b111544c97ae1ec
NeoBundleLock ghcmod-vim 3e012a5b0b904c5c32eeea39071534d492a64a0f
NeoBundleLock jellybeans.vim f931895c20681684278aef2ffd810730b9c36ec3
NeoBundleLock memolist.vim 782345c574e6e8edecdb3b09e7cc368023b81d67
NeoBundleLock mirodark ed2a3c2b07e10c208033feaa3e7956995d2923aa
NeoBundleLock neco-ghc 0550fea80e9c958a479067805bcf98e294bb2e32
NeoBundleLock neobundle.vim 93a62f023480d2d8b22ff1c715fed4a1ac1b1bc4
NeoBundleLock neocomplete d2a78075207b97c105041927a125e2cf0b2b0ca5
NeoBundleLock neomru.vim 8aa00e181bb764956a40764ae325a485a93f513a
NeoBundleLock neosnippet 7c07c4d8a2228c77ae4d519c936811db662ecd4a
NeoBundleLock neosnippet-snippets 7bc1674170670a4c43f7f4fc65e0e396759512ea
NeoBundleLock nerdtree 0b44415a3302030b56755cc1135ca9ca57dc1ada
NeoBundleLock open-browser.vim e17535850b8096b79907df9059fb43c51448f038
NeoBundleLock previm a6c9a89ecc5d2b46b16097a2491885b14387e126
NeoBundleLock ref-hoogle 6150cef5129ab4437bfa2582910bf488e9461dfb
NeoBundleLock shabadou.vim c5af30bb0c028d53cfd89e00cab636c844034a9a
NeoBundleLock tagbar 7b36c46d17d57db34fdb0adac9ba6382d0bb5e66
NeoBundleLock unite-haddock a2ed7259c83b405b275148f1d24d34d5a30e7ab0
NeoBundleLock unite-outline 29887e490a40d54071981f3db61b7087a6e74491
NeoBundleLock unite.vim d8a5c411b69482da2f66a0bb9b0753148fe95028
NeoBundleLock vim-easymotion 0806257ca6432ac7beb75c4319dadf7f3ba9907b
NeoBundleLock vim-gdev 3e685265d8425001cebd92b49dfb3b1db77992e2
NeoBundleLock vim-hybrid 37a2d17c8d7b6cfe5288ef01b9b574828420de62
NeoBundleLock vim-json f5e3181d0b33a9c51377bb7ea8492feddca8b503
NeoBundleLock vim-markdown 4e52f65ecd1c794bdc8c8f49595ce9a25b73fafb
NeoBundleLock vim-maui 8c30466aa649820801f74b444f33fe3f8106fff3
NeoBundleLock vim-niji 444123706d89685fe8a2fd2a7d21e0dd69500684
NeoBundleLock vim-quickrun 9fff9e5f12fcea45637821e30e6dbee05e748854
NeoBundleLock vim-ref 007b0ac409100cf2b83eb7dace5c8235e3737fef
NeoBundleLock vim-smartinput 78ab4b3df24fa2753d3dfc1be75ed5a3df1565b8
NeoBundleLock vim-submode d44a302b3ca97c8014c35c93893ca8fec0b95e4e
NeoBundleLock vim-textobj-multiblock 670a5ba57d73fcd793f480e262617c6eb0103355
NeoBundleLock vim-textobj-user a3054162c09bcf732624f43ddacbd85dad09713b
NeoBundleLock vim-watchdogs e1fce3b4bbe07d55bd7340d25ca0dc900747ad6f
NeoBundleLock vim2hs f2afd55704bfe0a2d66e6b270d247e9b8a7b1664
NeoBundleLock vim_goshrepl db5e2ad7d0ff51d0b4d8e4a8ac4943dcacd4230f
NeoBundleLock vimfiler caa04778cca0bba1e8a032dba2ffa6ad06090829
NeoBundleLock vimproc 3ef45992921a7280ba1cf0be5bc6154665cd4b58
NeoBundleLock vimshell a1f9a2010bea4b109341f1e2411a32839a8547b3
NeoBundleLock vimtex 4a746323a042de8829d913c599936d50f11d91b0
NeoBundleLock zoom.vim 8d91ea755719a764bad129b915e048d4e847e7a3
